
Microsoft Visual Studio Solution File, Format Version 12.00
# Visual Studio 15
VisualStudioVersion = 15.0.28307.572
MinimumVisualStudioVersion = 10.0.40219.1
Project("{FAE04EC0-301F-11D3-BF4B-00C04F79EFBC}") = "ConsoleApp2", "ConsoleApp2\ConsoleApp2.csproj", "{80FBA41B-D48E-4710-BCC9-D25C0F1784BB}"
EndProject
Project("{FAE04EC0-301F-11D3-BF4B-00C04F79EFBC}") = "Core", "Core\Core.csproj", "{E86986D3-C2A9-46C3-9C34-9C7F8034FEFE}"
EndProject
Global
	GlobalSection(SolutionConfigurationPlatforms) = preSolution
		Debug|Any CPU = Debug|Any CPU
		Release|Any CPU = Release|Any CPU
	EndGlobalSection
	GlobalSection(ProjectConfigurationPlatforms) = postSolution
		{80FBA41B-D48E-4710-BCC9-D25C0F1784BB}.Debug|Any CPU.ActiveCfg = Debug|Any CPU
		{80FBA41B-D48E-4710-BCC9-D25C0F1784BB}.Debug|Any CPU.Build.0 = Debug|Any CPU
		{80FBA41B-D48E-4710-BCC9-D25C0F1784BB}.Release|Any CPU.ActiveCfg = Release|Any CPU
		{80FBA41B-D48E-4710-BCC9-D25C0F1784BB}.Release|Any CPU.Build.0 = Release|Any CPU
		{E86986D3-C2A9-46C3-9C34-9C7F8034FEFE}.Debug|Any CPU.ActiveCfg = Debug|Any CPU
		{E86986D3-C2A9-46C3-9C34-9C7F8034FEFE}.Debug|Any CPU.Build.0 = Debug|Any CPU
		{E86986D3-C2A9-46C3-9C34-9C7F8034FEFE}.Release|Any CPU.ActiveCfg = Release|Any CPU
		{E86986D3-C2A9-46C3-9C34-9C7F8034FEFE}.Release|Any CPU.Build.0 = Release|Any CPU
	EndGlobalSection
	GlobalSection(SolutionProperties) = preSolution
		HideSolutionNode = FALSE
	EndGlobalSection
	GlobalSection(ExtensibilityGlobals) = postSolution
		SolutionGuid = {5BAE3D77-1420-49BA-9737-077036DD4D3B}
	EndGlobalSection
EndGlobal
